lockfileVersion: '9.0'

settings:
  autoInstallPeers: true
  excludeLinksFromLockfile: false

importers:

  .:
    dependencies:
      '@napgram/sdk':
        specifier: ^0.1.3
        version: 0.1.3
    devDependencies:
      '@types/node':
        specifier: ^25.0.3
        version: 25.0.3
      typescript:
        specifier: ^5.9.3
        version: 5.9.3

packages:

  '@napgram/core@0.1.3':
    resolution: {integrity: sha512-YQD6Fh4flTNtRRnZU8RhLqYBxnBtLCgWEoy4CTiI3FZExWa9+Th78e7hIvwHK7F0SyUH/Vxu3DrwNrRldD6zRQ==}

  '@napgram/sdk@0.1.3':
    resolution: {integrity: sha512-rRE/BzoSbonFC8/2nA75Zz0ytjQukJiBbI2alje4waguz00y3Y8WtwOKwetkL1+YQqK8Gw56zjAi6OOVOSSPWQ==}

  '@napgram/utils@0.1.3':
    resolution: {integrity: sha512-26oNeyvV5OLujOlxGSwZ4k3D7Pim2nZs35lrwA9igcxeznDLQatmICnlGneIIIDmfV/QApV9enXmGChrHqlIYA==}

  '@types/node@25.0.3':
    resolution: {integrity: sha512-W609buLVRVmeW693xKfzHeIV6nJGGz98uCPfeXI1ELMLXVeKYZ9m15fAMSaUPBHYLGFsVRcMmSCksQOrZV9BYA==}

  typescript@5.9.3:
    resolution: {integrity: sha512-jl1vZzPDinLr9eUt3J/t7V6FgNEw9QjvBPdysz9KfQDD41fQrC2Y4vKQdiaUpFT4bXlb1RHhLpp8wtm6M5TgSw==}
    engines: {node: '>=14.17'}
    hasBin: true

  undici-types@7.16.0:
    resolution: {integrity: sha512-Zz+aZWSj8LE6zoxD+xrjh4VfkIG8Ya6LvYkZqtUQGJPZjYl53ypCaUwWqo7eI0x66KBGeRo+mlBEkMSeSZ38Nw==}

snapshots:

  '@napgram/core@0.1.3': {}

  '@napgram/sdk@0.1.3':
    dependencies:
      '@napgram/core': 0.1.3
      '@napgram/utils': 0.1.3

  '@napgram/utils@0.1.3':
    dependencies:
      '@napgram/core': 0.1.3

  '@types/node@25.0.3':
    dependencies:
      undici-types: 7.16.0

  typescript@5.9.3: {}

  undici-types@7.16.0: {}
