lockfileVersion: '9.0'

settings:
  autoInstallPeers: true
  excludeLinksFromLockfile: false

importers:

  .:
    dependencies:
      '@napgram/sdk':
        specifier: ^0.1.7
        version: 0.1.7
    devDependencies:
      '@types/node':
        specifier: ^25.0.3
        version: 25.0.3
      typescript:
        specifier: ^5.9.3
        version: 5.9.3

packages:

  '@napgram/core@0.1.5':
    resolution: {integrity: sha512-X++i6HLe0ALkhxe2ehqJc5uwTqRBlTEEWluPiO4uG73Ai4wQAFU4bmZ27qjELZCLNdmqosGiaLOnHfgqWlDP/w==, tarball: https://npm.pkg.github.com/download/@napgram/core/0.1.5/4bc21ba19567f5b1fe8bb4e5634334f6efe69f76}

  '@napgram/sdk@0.1.7':
    resolution: {integrity: sha512-KqS4mY+LD6yfQQAhheTG9/Me+aKVw3yfGT0S8BXlLEJezPJOiTAcfbCZ/+RLfKwzNKlsgfFA4rIw5Q6ztfsaDQ==, tarball: https://npm.pkg.github.com/download/@napgram/sdk/0.1.7/f45fb4f27524df6dc5e27ad9494d1252f675013c}

  '@napgram/utils@0.1.7':
    resolution: {integrity: sha512-l37YmlaakvxMGsGiIUpGP5jroRDSnBLeSND9UE9drtr6+OpigCenrkdY9qMNJ79g8n3atPS++WdJ4OxB929gjw==, tarball: https://npm.pkg.github.com/download/@napgram/utils/0.1.7/9937ef0b95746b8b1abacd043ef52cc3f15571c1}

  '@types/node@25.0.3':
    resolution: {integrity: sha512-W609buLVRVmeW693xKfzHeIV6nJGGz98uCPfeXI1ELMLXVeKYZ9m15fAMSaUPBHYLGFsVRcMmSCksQOrZV9BYA==}

  typescript@5.9.3:
    resolution: {integrity: sha512-jl1vZzPDinLr9eUt3J/t7V6FgNEw9QjvBPdysz9KfQDD41fQrC2Y4vKQdiaUpFT4bXlb1RHhLpp8wtm6M5TgSw==}
    engines: {node: '>=14.17'}
    hasBin: true

  undici-types@7.16.0:
    resolution: {integrity: sha512-Zz+aZWSj8LE6zoxD+xrjh4VfkIG8Ya6LvYkZqtUQGJPZjYl53ypCaUwWqo7eI0x66KBGeRo+mlBEkMSeSZ38Nw==}

snapshots:

  '@napgram/core@0.1.5': {}

  '@napgram/sdk@0.1.7':
    dependencies:
      '@napgram/core': 0.1.5
      '@napgram/utils': 0.1.7

  '@napgram/utils@0.1.7':
    dependencies:
      '@napgram/core': 0.1.5

  '@types/node@25.0.3':
    dependencies:
      undici-types: 7.16.0

  typescript@5.9.3: {}

  undici-types@7.16.0: {}
